
Microsoft Visual Studio Solution File, Format Version 12.00
# Visual Studio Version 17
VisualStudioVersion = 17.7.34018.315
MinimumVisualStudioVersion = 10.0.40219.1
Project("{FAE04EC0-301F-11D3-BF4B-00C04F79EFBC}") = "ITC Project Manager", "ITC Project Manager\ITC Project Manager.csproj", "{A65E4E33-09DD-4070-A131-4B06CA53ECB0}"
EndProject
Global
	GlobalSection(SolutionConfigurationPlatforms) = preSolution
		Debug|Any CPU = Debug|Any CPU
		Release|Any CPU = Release|Any CPU
	EndGlobalSection
	GlobalSection(ProjectConfigurationPlatforms) = postSolution
		{A65E4E33-09DD-4070-A131-4B06CA53ECB0}.Debug|Any CPU.ActiveCfg = Debug|Any CPU
		{A65E4E33-09DD-4070-A131-4B06CA53ECB0}.Debug|Any CPU.Build.0 = Debug|Any CPU
		{A65E4E33-09DD-4070-A131-4B06CA53ECB0}.Release|Any CPU.ActiveCfg = Release|Any CPU
		{A65E4E33-09DD-4070-A131-4B06CA53ECB0}.Release|Any CPU.Build.0 = Release|Any CPU
	EndGlobalSection
	GlobalSection(SolutionProperties) = preSolution
		HideSolutionNode = FALSE
	EndGlobalSection
	GlobalSection(ExtensibilityGlobals) = postSolution
		SolutionGuid = {1BC74607-CB3C-4252-B32C-E474A54CDED2}
	EndGlobalSection
EndGlobal
